
Microsoft Visual Studio Solution File, Format Version 12.00
# Visual Studio Version 17
VisualStudioVersion = 17.6.33815.320
MinimumVisualStudioVersion = 10.0.40219.1
Project("{9A19103F-16F7-4668-BE54-9A1E7A4F7556}") = "Fridgelr.Server", "Server\Fridgelr.Server.csproj", "{D0AA9AFD-0383-4677-8E6C-7E4B8157D85E}"
EndProject
Project("{9A19103F-16F7-4668-BE54-9A1E7A4F7556}") = "Fridgelr.Client", "Client\Fridgelr.Client.csproj", "{8A070989-AC21-44C8-AD03-0AD635CE3AA6}"
EndProject
Project("{9A19103F-16F7-4668-BE54-9A1E7A4F7556}") = "Fridgelr.Shared", "Shared\Fridgelr.Shared.csproj", "{3C898805-11B5-401B-BD99-A4CF328BFE04}"
EndProject
Global
	GlobalSection(SolutionConfigurationPlatforms) = preSolution
		Debug|Any CPU = Debug|Any CPU
		Release|Any CPU = Release|Any CPU
	EndGlobalSection
	GlobalSection(ProjectConfigurationPlatforms) = postSolution
		{D0AA9AFD-0383-4677-8E6C-7E4B8157D85E}.Debug|Any CPU.ActiveCfg = Debug|Any CPU
		{D0AA9AFD-0383-4677-8E6C-7E4B8157D85E}.Debug|Any CPU.Build.0 = Debug|Any CPU
		{D0AA9AFD-0383-4677-8E6C-7E4B8157D85E}.Release|Any CPU.ActiveCfg = Release|Any CPU
		{D0AA9AFD-0383-4677-8E6C-7E4B8157D85E}.Release|Any CPU.Build.0 = Release|Any CPU
		{8A070989-AC21-44C8-AD03-0AD635CE3AA6}.Debug|Any CPU.ActiveCfg = Debug|Any CPU
		{8A070989-AC21-44C8-AD03-0AD635CE3AA6}.Debug|Any CPU.Build.0 = Debug|Any CPU
		{8A070989-AC21-44C8-AD03-0AD635CE3AA6}.Release|Any CPU.ActiveCfg = Release|Any CPU
		{8A070989-AC21-44C8-AD03-0AD635CE3AA6}.Release|Any CPU.Build.0 = Release|Any CPU
		{3C898805-11B5-401B-BD99-A4CF328BFE04}.Debug|Any CPU.ActiveCfg = Debug|Any CPU
		{3C898805-11B5-401B-BD99-A4CF328BFE04}.Debug|Any CPU.Build.0 = Debug|Any CPU
		{3C898805-11B5-401B-BD99-A4CF328BFE04}.Release|Any CPU.ActiveCfg = Release|Any CPU
		{3C898805-11B5-401B-BD99-A4CF328BFE04}.Release|Any CPU.Build.0 = Release|Any CPU
	EndGlobalSection
	GlobalSection(SolutionProperties) = preSolution
		HideSolutionNode = FALSE
	EndGlobalSection
	GlobalSection(ExtensibilityGlobals) = postSolution
		SolutionGuid = {2B592F10-907D-48D7-BB1F-882710B5719D}
	EndGlobalSection
EndGlobal
